// !$*UTF8*$!
{
	archiveVersion = 1;
	classes = {
	};
	objectVersion = 50;
	objects = {

/* Begin PBXBuildFile section */
		58470C6126B83BE200D6F940 /* DubDubGrubApp.swift in Sources */ = {isa = PBXBuildFile; fileRef = 58470C6026B83BE200D6F940 /* DubDubGrubApp.swift */; };
		58470C6526B83BE500D6F940 /* Assets.xcassets in Resources */ = {isa = PBXBuildFile; fileRef = 58470C6426B83BE500D6F940 /* Assets.xcassets */; };
		58470C6826B83BE500D6F940 /* Preview Assets.xcassets in Resources */ = {isa = PBXBuildFile; fileRef = 58470C6726B83BE500D6F940 /* Preview Assets.xcassets */; };
		588FE71626B99547003E3EF2 /* CloudKit.framework in Frameworks */ = {isa = PBXBuildFile; fileRef = 588FE71526B99547003E3EF2 /* CloudKit.framework */; };
		588FE71826B99857003E3EF2 /* Color+Ext.swift in Sources */ = {isa = PBXBuildFile; fileRef = 588FE71726B99857003E3EF2 /* Color+Ext.swift */; };
		588FE71A26B998B5003E3EF2 /* AppTabView.swift in Sources */ = {isa = PBXBuildFile; fileRef = 588FE71926B998B5003E3EF2 /* AppTabView.swift */; };
		588FE71C26B99904003E3EF2 /* LocationMapView.swift in Sources */ = {isa = PBXBuildFile; fileRef = 588FE71B26B99904003E3EF2 /* LocationMapView.swift */; };
		588FE71E26B99923003E3EF2 /* LocationListView.swift in Sources */ = {isa = PBXBuildFile; fileRef = 588FE71D26B99923003E3EF2 /* LocationListView.swift */; };
		588FE72026B9992F003E3EF2 /* ProfileView.swift in Sources */ = {isa = PBXBuildFile; fileRef = 588FE71F26B9992F003E3EF2 /* ProfileView.swift */; };
		588FE72226B9A2D5003E3EF2 /* LocationDetailView.swift in Sources */ = {isa = PBXBuildFile; fileRef = 588FE72126B9A2D5003E3EF2 /* LocationDetailView.swift */; };
		588FE72426BAC0F5003E3EF2 /* LocationCell.swift in Sources */ = {isa = PBXBuildFile; fileRef = 588FE72326BAC0F5003E3EF2 /* LocationCell.swift */; };
		588FE72626BAC144003E3EF2 /* AvatarView.swift in Sources */ = {isa = PBXBuildFile; fileRef = 588FE72526BAC144003E3EF2 /* AvatarView.swift */; };
		588FE72826BAC339003E3EF2 /* CustomModifiers.swift in Sources */ = {isa = PBXBuildFile; fileRef = 588FE72726BAC339003E3EF2 /* CustomModifiers.swift */; };
		588FE72A26BAC369003E3EF2 /* View+Ext.swift in Sources */ = {isa = PBXBuildFile; fileRef = 588FE72926BAC369003E3EF2 /* View+Ext.swift */; };
		588FE72C26BAC428003E3EF2 /* DDGButton.swift in Sources */ = {isa = PBXBuildFile; fileRef = 588FE72B26BAC428003E3EF2 /* DDGButton.swift */; };
		588FE73426BADB73003E3EF2 /* DDGLocation.swift in Sources */ = {isa = PBXBuildFile; fileRef = 588FE73326BADB73003E3EF2 /* DDGLocation.swift */; };
/* End PBXBuildFile section */

/* Begin PBXFileReference section */
		58470C5D26B83BE200D6F940 /* DubDubGrub.app */ = {isa = PBXFileReference; explicitFileType = wrapper.application; includeInIndex = 0; path = DubDubGrub.app; sourceTree = BUILT_PRODUCTS_DIR; };
		58470C6026B83BE200D6F940 /* DubDubGrubApp.swift */ = {isa = PBXFileReference; lastKnownFileType = sourcecode.swift; path = DubDubGrubApp.swift; sourceTree = "<group>"; };
		58470C6426B83BE500D6F940 /* Assets.xcassets */ = {isa = PBXFileReference; lastKnownFileType = folder.assetcatalog; path = Assets.xcassets; sourceTree = "<group>"; };
		58470C6726B83BE500D6F940 /* Preview Assets.xcassets */ = {isa = PBXFileReference; lastKnownFileType = folder.assetcatalog; path = "Preview Assets.xcassets"; sourceTree = "<group>"; };
		58470C6926B83BE500D6F940 /* Info.plist */ = {isa = PBXFileReference; lastKnownFileType = text.plist.xml; path = Info.plist; sourceTree = "<group>"; };
		588FE71326B99540003E3EF2 /* DubDubGrub.entitlements */ = {isa = PBXFileReference; lastKnownFileType = text.plist.entitlements; path = DubDubGrub.entitlements; sourceTree = "<group>"; };
		588FE71526B99547003E3EF2 /* CloudKit.framework */ = {isa = PBXFileReference; lastKnownFileType = wrapper.framework; name = CloudKit.framework; path = System/Library/Frameworks/CloudKit.framework; sourceTree = SDKROOT; };
		588FE71726B99857003E3EF2 /* Color+Ext.swift */ = {isa = PBXFileReference; lastKnownFileType = sourcecode.swift; path = "Color+Ext.swift"; sourceTree = "<group>"; };
		588FE71926B998B5003E3EF2 /* AppTabView.swift */ = {isa = PBXFileReference; lastKnownFileType = sourcecode.swift; path = AppTabView.swift; sourceTree = "<group>"; };
		588FE71B26B99904003E3EF2 /* LocationMapView.swift */ = {isa = PBXFileReference; lastKnownFileType = sourcecode.swift; path = LocationMapView.swift; sourceTree = "<group>"; };
		588FE71D26B99923003E3EF2 /* LocationListView.swift */ = {isa = PBXFileReference; lastKnownFileType = sourcecode.swift; path = LocationListView.swift; sourceTree = "<group>"; };
		588FE71F26B9992F003E3EF2 /* ProfileView.swift */ = {isa = PBXFileReference; lastKnownFileType = sourcecode.swift; path = ProfileView.swift; sourceTree = "<group>"; };
		588FE72126B9A2D5003E3EF2 /* LocationDetailView.swift */ = {isa = PBXFileReference; lastKnownFileType = sourcecode.swift; path = LocationDetailView.swift; sourceTree = "<group>"; };
		588FE72326BAC0F5003E3EF2 /* LocationCell.swift */ = {isa = PBXFileReference; lastKnownFileType = sourcecode.swift; path = LocationCell.swift; sourceTree = "<group>"; };
		588FE72526BAC144003E3EF2 /* AvatarView.swift */ = {isa = PBXFileReference; lastKnownFileType = sourcecode.swift; path = AvatarView.swift; sourceTree = "<group>"; };
		588FE72726BAC339003E3EF2 /* CustomModifiers.swift */ = {isa = PBXFileReference; lastKnownFileType = sourcecode.swift; path = CustomModifiers.swift; sourceTree = "<group>"; };
		588FE72926BAC369003E3EF2 /* View+Ext.swift */ = {isa = PBXFileReference; lastKnownFileType = sourcecode.swift; path = "View+Ext.swift"; sourceTree = "<group>"; };
		588FE72B26BAC428003E3EF2 /* DDGButton.swift */ = {isa = PBXFileReference; lastKnownFileType = sourcecode.swift; path = DDGButton.swift; sourceTree = "<group>"; };
		588FE73326BADB73003E3EF2 /* DDGLocation.swift */ = {isa = PBXFileReference; lastKnownFileType = sourcecode.swift; path = DDGLocation.swift; sourceTree = "<group>"; };
/* End PBXFileReference section */

/* Begin PBXFrameworksBuildPhase section */
		58470C5A26B83BE200D6F940 /* Frameworks */ = {
			isa = PBXFrameworksBuildPhase;
			buildActionMask = 2147483647;
			files = (
				588FE71626B99547003E3EF2 /* CloudKit.framework in Frameworks */,
			);
			runOnlyForDeploymentPostprocessing = 0;
		};
/* End PBXFrameworksBuildPhase section */

/* Begin PBXGroup section */
		58470C5426B83BE200D6F940 = {
			isa = PBXGroup;
			children = (
				58470C5F26B83BE200D6F940 /* DubDubGrub */,
				58470C5E26B83BE200D6F940 /* Products */,
				588FE71426B99547003E3EF2 /* Frameworks */,
			);
			sourceTree = "<group>";
		};
		58470C5E26B83BE200D6F940 /* Products */ = {
			isa = PBXGroup;
			children = (
				58470C5D26B83BE200D6F940 /* DubDubGrub.app */,
			);
			name = Products;
			sourceTree = "<group>";
		};
		58470C5F26B83BE200D6F940 /* DubDubGrub */ = {
			isa = PBXGroup;
			children = (
				588FE73226BADB65003E3EF2 /* Model */,
				588FE72D26BAC587003E3EF2 /* Extensions */,
				588FE72E26BAC5A2003E3EF2 /* Views */,
				588FE71326B99540003E3EF2 /* DubDubGrub.entitlements */,
				58470C6026B83BE200D6F940 /* DubDubGrubApp.swift */,
				58470C6426B83BE500D6F940 /* Assets.xcassets */,
				58470C6926B83BE500D6F940 /* Info.plist */,
				58470C6626B83BE500D6F940 /* Preview Content */,
			);
			path = DubDubGrub;
			sourceTree = "<group>";
		};
		58470C6626B83BE500D6F940 /* Preview Content */ = {
			isa = PBXGroup;
			children = (
				58470C6726B83BE500D6F940 /* Preview Assets.xcassets */,
			);
			path = "Preview Content";
			sourceTree = "<group>";
		};
		588FE71426B99547003E3EF2 /* Frameworks */ = {
			isa = PBXGroup;
			children = (
				588FE71526B99547003E3EF2 /* CloudKit.framework */,
			);
			name = Frameworks;
			sourceTree = "<group>";
		};
		588FE72D26BAC587003E3EF2 /* Extensions */ = {
			isa = PBXGroup;
			children = (
				588FE71726B99857003E3EF2 /* Color+Ext.swift */,
				588FE72926BAC369003E3EF2 /* View+Ext.swift */,
			);
			path = Extensions;
			sourceTree = "<group>";
		};
		588FE72E26BAC5A2003E3EF2 /* Views */ = {
			isa = PBXGroup;
			children = (
				588FE72726BAC339003E3EF2 /* CustomModifiers.swift */,
				588FE73126BAC5E6003E3EF2 /* CustomViews */,
				588FE73026BAC5D3003E3EF2 /* Cells */,
				588FE72F26BAC5AA003E3EF2 /* Screens */,
			);
			path = Views;
			sourceTree = "<group>";
		};
		588FE72F26BAC5AA003E3EF2 /* Screens */ = {
			isa = PBXGroup;
			children = (
				588FE71926B998B5003E3EF2 /* AppTabView.swift */,
				588FE71B26B99904003E3EF2 /* LocationMapView.swift */,
				588FE71D26B99923003E3EF2 /* LocationListView.swift */,
				588FE72126B9A2D5003E3EF2 /* LocationDetailView.swift */,
				588FE71F26B9992F003E3EF2 /* ProfileView.swift */,
			);
			path = Screens;
			sourceTree = "<group>";
		};
		588FE73026BAC5D3003E3EF2 /* Cells */ = {
			isa = PBXGroup;
			children = (
				588FE72326BAC0F5003E3EF2 /* LocationCell.swift */,
			);
			path = Cells;
			sourceTree = "<group>";
		};
		588FE73126BAC5E6003E3EF2 /* CustomViews */ = {
			isa = PBXGroup;
			children = (
				588FE72526BAC144003E3EF2 /* AvatarView.swift */,
				588FE72B26BAC428003E3EF2 /* DDGButton.swift */,
			);
			path = CustomViews;
			sourceTree = "<group>";
		};
		588FE73226BADB65003E3EF2 /* Model */ = {
			isa = PBXGroup;
			children = (
				588FE73326BADB73003E3EF2 /* DDGLocation.swift */,
			);
			path = Model;
			sourceTree = "<group>";
		};
/* End PBXGroup section */

/* Begin PBXNativeTarget section */
		58470C5C26B83BE200D6F940 /* DubDubGrub */ = {
			isa = PBXNativeTarget;
			buildConfigurationList = 58470C6C26B83BE500D6F940 /* Build configuration list for PBXNativeTarget "DubDubGrub" */;
			buildPhases = (
				58470C5926B83BE200D6F940 /* Sources */,
				58470C5A26B83BE200D6F940 /* Frameworks */,
				58470C5B26B83BE200D6F940 /* Resources */,
			);
			buildRules = (
			);
			dependencies = (
			);
			name = DubDubGrub;
			productName = DubDubGrub;
			productReference = 58470C5D26B83BE200D6F940 /* DubDubGrub.app */;
			productType = "com.apple.product-type.application";
		};
/* End PBXNativeTarget section */

/* Begin PBXProject section */
		58470C5526B83BE200D6F940 /* Project object */ = {
			isa = PBXProject;
			attributes = {
				LastSwiftUpdateCheck = 1250;
				LastUpgradeCheck = 1250;
				TargetAttributes = {
					58470C5C26B83BE200D6F940 = {
						CreatedOnToolsVersion = 12.5.1;
					};
				};
			};
			buildConfigurationList = 58470C5826B83BE200D6F940 /* Build configuration list for PBXProject "DubDubGrub" */;
			compatibilityVersion = "Xcode 9.3";
			developmentRegion = en;
			hasScannedForEncodings = 0;
			knownRegions = (
				en,
				Base,
			);
			mainGroup = 58470C5426B83BE200D6F940;
			productRefGroup = 58470C5E26B83BE200D6F940 /* Products */;
			projectDirPath = "";
			projectRoot = "";
			targets = (
				58470C5C26B83BE200D6F940 /* DubDubGrub */,
			);
		};
/* End PBXProject section */

/* Begin PBXResourcesBuildPhase section */
		58470C5B26B83BE200D6F940 /* Resources */ = {
			isa = PBXResourcesBuildPhase;
			buildActionMask = 2147483647;
			files = (
				58470C6826B83BE500D6F940 /* Preview Assets.xcassets in Resources */,
				58470C6526B83BE500D6F940 /* Assets.xcassets in Resources */,
			);
			runOnlyForDeploymentPostprocessing = 0;
		};
/* End PBXResourcesBuildPhase section */

/* Begin PBXSourcesBuildPhase section */
		58470C5926B83BE200D6F940 /* Sources */ = {
			isa = PBXSourcesBuildPhase;
			buildActionMask = 2147483647;
			files = (
				58470C6126B83BE200D6F940 /* DubDubGrubApp.swift in Sources */,
				588FE72826BAC339003E3EF2 /* CustomModifiers.swift in Sources */,
				588FE71C26B99904003E3EF2 /* LocationMapView.swift in Sources */,
				588FE71E26B99923003E3EF2 /* LocationListView.swift in Sources */,
				588FE72226B9A2D5003E3EF2 /* LocationDetailView.swift in Sources */,
				588FE73426BADB73003E3EF2 /* DDGLocation.swift in Sources */,
				588FE71A26B998B5003E3EF2 /* AppTabView.swift in Sources */,
				588FE72026B9992F003E3EF2 /* ProfileView.swift in Sources */,
				588FE72A26BAC369003E3EF2 /* View+Ext.swift in Sources */,
				588FE72426BAC0F5003E3EF2 /* LocationCell.swift in Sources */,
				588FE72C26BAC428003E3EF2 /* DDGButton.swift in Sources */,
				588FE72626BAC144003E3EF2 /* AvatarView.swift in Sources */,
				588FE71826B99857003E3EF2 /* Color+Ext.swift in Sources */,
			);
			runOnlyForDeploymentPostprocessing = 0;
		};
/* End PBXSourcesBuildPhase section */

/* Begin XCBuildConfiguration section */
		58470C6A26B83BE500D6F940 /* Debug */ = {
			isa = XCBuildConfiguration;
			buildSettings = {
				ALWAYS_SEARCH_USER_PATHS = NO;
				CLANG_ANALYZER_NONNULL = YES;
				CLANG_ANALYZER_NUMBER_OBJECT_CONVERSION = YES_AGGRESSIVE;
				CLANG_CXX_LANGUAGE_STANDARD = "gnu++14";
				CLANG_CXX_LIBRARY = "libc++";
				CLANG_ENABLE_MODULES = YES;
				CLANG_ENABLE_OBJC_ARC = YES;
				CLANG_ENABLE_OBJC_WEAK = YES;
				CLANG_WARN_BLOCK_CAPTURE_AUTORELEASING = YES;
				CLANG_WARN_BOOL_CONVERSION = YES;
				CLANG_WARN_COMMA = YES;
				CLANG_WARN_CONSTANT_CONVERSION = YES;
				CLANG_WARN_DEPRECATED_OBJC_IMPLEMENTATIONS = YES;
				CLANG_WARN_DIRECT_OBJC_ISA_USAGE = YES_ERROR;
				CLANG_WARN_DOCUMENTATION_COMMENTS = YES;
				CLANG_WARN_EMPTY_BODY = YES;
				CLANG_WARN_ENUM_CONVERSION = YES;
				CLANG_WARN_INFINITE_RECURSION = YES;
				CLANG_WARN_INT_CONVERSION = YES;
				CLANG_WARN_NON_LITERAL_NULL_CONVERSION = YES;
				CLANG_WARN_OBJC_IMPLICIT_RETAIN_SELF = YES;
				CLANG_WARN_OBJC_LITERAL_CONVERSION = YES;
				CLANG_WARN_OBJC_ROOT_CLASS = YES_ERROR;
				CLANG_WARN_QUOTED_INCLUDE_IN_FRAMEWORK_HEADER = YES;
				CLANG_WARN_RANGE_LOOP_ANALYSIS = YES;
				CLANG_WARN_STRICT_PROTOTYPES = YES;
				CLANG_WARN_SUSPICIOUS_MOVE = YES;
				CLANG_WARN_UNGUARDED_AVAILABILITY = YES_AGGRESSIVE;
				CLANG_WARN_UNREACHABLE_CODE = YES;
				CLANG_WARN__DUPLICATE_METHOD_MATCH = YES;
				COPY_PHASE_STRIP = NO;
				DEBUG_INFORMATION_FORMAT = dwarf;
				ENABLE_STRICT_OBJC_MSGSEND = YES;
				ENABLE_TESTABILITY = YES;
				GCC_C_LANGUAGE_STANDARD = gnu11;
				GCC_DYNAMIC_NO_PIC = NO;
				GCC_NO_COMMON_BLOCKS = YES;
				GCC_OPTIMIZATION_LEVEL = 0;
				GCC_PREPROCESSOR_DEFINITIONS = (
					"DEBUG=1",
					"$(inherited)",
				);
				GCC_WARN_64_TO_32_BIT_CONVERSION = YES;
				GCC_WARN_ABOUT_RETURN_TYPE = YES_ERROR;
				GCC_WARN_UNDECLARED_SELECTOR = YES;
				GCC_WARN_UNINITIALIZED_AUTOS = YES_AGGRESSIVE;
				GCC_WARN_UNUSED_FUNCTION = YES;
				GCC_WARN_UNUSED_VARIABLE = YES;
				IPHONEOS_DEPLOYMENT_TARGET = 14.5;
				MTL_ENABLE_DEBUG_INFO = INCLUDE_SOURCE;
				MTL_FAST_MATH = YES;
				ONLY_ACTIVE_ARCH = YES;
				SDKROOT = iphoneos;
				SWIFT_ACTIVE_COMPILATION_CONDITIONS = DEBUG;
				SWIFT_OPTIMIZATION_LEVEL = "-Onone";
			};
			name = Debug;
		};
		58470C6B26B83BE500D6F940 /* Release */ = {
			isa = XCBuildConfiguration;
			buildSettings = {
				ALWAYS_SEARCH_USER_PATHS = NO;
				CLANG_ANALYZER_NONNULL = YES;
				CLANG_ANALYZER_NUMBER_OBJECT_CONVERSION = YES_AGGRESSIVE;
				CLANG_CXX_LANGUAGE_STANDARD = "gnu++14";
				CLANG_CXX_LIBRARY = "libc++";
				CLANG_ENABLE_MODULES = YES;
				CLANG_ENABLE_OBJC_ARC = YES;
				CLANG_ENABLE_OBJC_WEAK = YES;
				CLANG_WARN_BLOCK_CAPTURE_AUTORELEASING = YES;
				CLANG_WARN_BOOL_CONVERSION = YES;
				CLANG_WARN_COMMA = YES;
				CLANG_WARN_CONSTANT_CONVERSION = YES;
				CLANG_WARN_DEPRECATED_OBJC_IMPLEMENTATIONS = YES;
				CLANG_WARN_DIRECT_OBJC_ISA_USAGE = YES_ERROR;
				CLANG_WARN_DOCUMENTATION_COMMENTS = YES;
				CLANG_WARN_EMPTY_BODY = YES;
				CLANG_WARN_ENUM_CONVERSION = YES;
				CLANG_WARN_INFINITE_RECURSION = YES;
				CLANG_WARN_INT_CONVERSION = YES;
				CLANG_WARN_NON_LITERAL_NULL_CONVERSION = YES;
				CLANG_WARN_OBJC_IMPLICIT_RETAIN_SELF = YES;
				CLANG_WARN_OBJC_LITERAL_CONVERSION = YES;
				CLANG_WARN_OBJC_ROOT_CLASS = YES_ERROR;
				CLANG_WARN_QUOTED_INCLUDE_IN_FRAMEWORK_HEADER = YES;
				CLANG_WARN_RANGE_LOOP_ANALYSIS = YES;
				CLANG_WARN_STRICT_PROTOTYPES = YES;
				CLANG_WARN_SUSPICIOUS_MOVE = YES;
				CLANG_WARN_UNGUARDED_AVAILABILITY = YES_AGGRESSIVE;
				CLANG_WARN_UNREACHABLE_CODE = YES;
				CLANG_WARN__DUPLICATE_METHOD_MATCH = YES;
				COPY_PHASE_STRIP = NO;
				DEBUG_INFORMATION_FORMAT = "dwarf-with-dsym";
				ENABLE_NS_ASSERTIONS = NO;
				ENABLE_STRICT_OBJC_MSGSEND = YES;
				GCC_C_LANGUAGE_STANDARD = gnu11;
				GCC_NO_COMMON_BLOCKS = YES;
				GCC_WARN_64_TO_32_BIT_CONVERSION = YES;
				GCC_WARN_ABOUT_RETURN_TYPE = YES_ERROR;
				GCC_WARN_UNDECLARED_SELECTOR = YES;
				GCC_WARN_UNINITIALIZED_AUTOS = YES_AGGRESSIVE;
				GCC_WARN_UNUSED_FUNCTION = YES;
				GCC_WARN_UNUSED_VARIABLE = YES;
				IPHONEOS_DEPLOYMENT_TARGET = 14.5;
				MTL_ENABLE_DEBUG_INFO = NO;
				MTL_FAST_MATH = YES;
				SDKROOT = iphoneos;
				SWIFT_COMPILATION_MODE = wholemodule;
				SWIFT_OPTIMIZATION_LEVEL = "-O";
				VALIDATE_PRODUCT = YES;
			};
			name = Release;
		};
		58470C6D26B83BE500D6F940 /* Debug */ = {
			isa = XCBuildConfiguration;
			buildSettings = {
				ASSETCATALOG_COMPILER_APPICON_NAME = AppIcon;
				ASSETCATALOG_COMPILER_GLOBAL_ACCENT_COLOR_NAME = AccentColor;
				CODE_SIGN_ENTITLEMENTS = DubDubGrub/DubDubGrub.entitlements;
				CODE_SIGN_STYLE = Automatic;
				DEVELOPMENT_ASSET_PATHS = "\"DubDubGrub/Preview Content\"";
				DEVELOPMENT_TEAM = 526URZ72RD;
				ENABLE_PREVIEWS = YES;
				INFOPLIST_FILE = DubDubGrub/Info.plist;
				IPHONEOS_DEPLOYMENT_TARGET = 14.0;
				LD_RUNPATH_SEARCH_PATHS = (
					"$(inherited)",
					"@executable_path/Frameworks",
				);
				PRODUCT_BUNDLE_IDENTIFIER = NovicaPetrovic.DubDubGrub;
				PRODUCT_NAME = "$(TARGET_NAME)";
				SWIFT_VERSION = 5.0;
				TARGETED_DEVICE_FAMILY = "1,2";
			};
			name = Debug;
		};
		58470C6E26B83BE500D6F940 /* Release */ = {
			isa = XCBuildConfiguration;
			buildSettings = {
				ASSETCATALOG_COMPILER_APPICON_NAME = AppIcon;
				ASSETCATALOG_COMPILER_GLOBAL_ACCENT_COLOR_NAME = AccentColor;
				CODE_SIGN_ENTITLEMENTS = DubDubGrub/DubDubGrub.entitlements;
				CODE_SIGN_STYLE = Automatic;
				DEVELOPMENT_ASSET_PATHS = "\"DubDubGrub/Preview Content\"";
				DEVELOPMENT_TEAM = 526URZ72RD;
				ENABLE_PREVIEWS = YES;
				INFOPLIST_FILE = DubDubGrub/Info.plist;
				IPHONEOS_DEPLOYMENT_TARGET = 14.0;
				LD_RUNPATH_SEARCH_PATHS = (
					"$(inherited)",
					"@executable_path/Frameworks",
				);
				PRODUCT_BUNDLE_IDENTIFIER = NovicaPetrovic.DubDubGrub;
				PRODUCT_NAME = "$(TARGET_NAME)";
				SWIFT_VERSION = 5.0;
				TARGETED_DEVICE_FAMILY = "1,2";
			};
			name = Release;
		};
/* End XCBuildConfiguration section */

/* Begin XCConfigurationList section */
		58470C5826B83BE200D6F940 /* Build configuration list for PBXProject "DubDubGrub" */ = {
			isa = XCConfigurationList;
			buildConfigurations = (
				58470C6A26B83BE500D6F940 /* Debug */,
				58470C6B26B83BE500D6F940 /* Release */,
			);
			defaultConfigurationIsVisible = 0;
			defaultConfigurationName = Release;
		};
		58470C6C26B83BE500D6F940 /* Build configuration list for PBXNativeTarget "DubDubGrub" */ = {
			isa = XCConfigurationList;
			buildConfigurations = (
				58470C6D26B83BE500D6F940 /* Debug */,
				58470C6E26B83BE500D6F940 /* Release */,
			);
			defaultConfigurationIsVisible = 0;
			defaultConfigurationName = Release;
		};
/* End XCConfigurationList section */
	};
	rootObject = 58470C5526B83BE200D6F940 /* Project object */;
}
